
Microsoft Visual Studio Solution File, Format Version 11.00
# Visual Studio 2010
Project("{8BC9CEB8-8B4A-11D0-8D11-00A0C91BC942}") = "bterm", "sources\bterm.vcxproj", "{1333387F-2462-4C34-A7E7-CE3793F71C44}"
EndProject
Global
	GlobalSection(SolutionConfigurationPlatforms) = preSolution
		Debug|Win32 = Debug|Win32
		Release|Win32 = Release|Win32
	EndGlobalSection
	GlobalSection(ProjectConfigurationPlatforms) = postSolution
		{1333387F-2462-4C34-A7E7-CE3793F71C44}.Debug|Win32.ActiveCfg = Debug|Win32
		{1333387F-2462-4C34-A7E7-CE3793F71C44}.Debug|Win32.Build.0 = Debug|Win32
		{1333387F-2462-4C34-A7E7-CE3793F71C44}.Release|Win32.ActiveCfg = Release|Win32
		{1333387F-2462-4C34-A7E7-CE3793F71C44}.Release|Win32.Build.0 = Release|Win32
	EndGlobalSection
	GlobalSection(SolutionProperties) = preSolution
		HideSolutionNode = FALSE
	EndGlobalSection
EndGlobal
